
Microsoft Visual Studio Solution File, Format Version 12.00
# Visual Studio Version 17
VisualStudioVersion = 17.13.35931.197 d17.13
MinimumVisualStudioVersion = 10.0.40219.1
Project("{FAE04EC0-301F-11D3-BF4B-00C04F79EFBC}") = "OtpProvider.Web", "OtpProvider.Web.csproj", "{AD8E292F-E82E-484A-80DD-C62080DED8CF}"
EndProject
Global
	GlobalSection(SolutionConfigurationPlatforms) = preSolution
		Debug|Any CPU = Debug|Any CPU
		Release|Any CPU = Release|Any CPU
	EndGlobalSection
	GlobalSection(ProjectConfigurationPlatforms) = postSolution
		{AD8E292F-E82E-484A-80DD-C62080DED8CF}.Debug|Any CPU.ActiveCfg = Debug|Any CPU
		{AD8E292F-E82E-484A-80DD-C62080DED8CF}.Debug|Any CPU.Build.0 = Debug|Any CPU
		{AD8E292F-E82E-484A-80DD-C62080DED8CF}.Release|Any CPU.ActiveCfg = Release|Any CPU
		{AD8E292F-E82E-484A-80DD-C62080DED8CF}.Release|Any CPU.Build.0 = Release|Any CPU
	EndGlobalSection
	GlobalSection(SolutionProperties) = preSolution
		HideSolutionNode = FALSE
	EndGlobalSection
	GlobalSection(ExtensibilityGlobals) = postSolution
		SolutionGuid = {6E2D8114-7A8E-46BE-8D60-453221ABD450}
	EndGlobalSection
EndGlobal
